// !$*UTF8*$!
{
	archiveVersion = 1;
	classes = {
	};
	objectVersion = 55;
	objects = {

/* Begin PBXBuildFile section */
		0472F55E286A17E900AFB6F2 /* AppDelegate.m in Sources */ = {isa = PBXBuildFile; fileRef = 0472F55D286A17E900AFB6F2 /* AppDelegate.m */; };
		0472F561286A17E900AFB6F2 /* SceneDelegate.m in Sources */ = {isa = PBXBuildFile; fileRef = 0472F560286A17E900AFB6F2 /* SceneDelegate.m */; };
		0472F567286A17E900AFB6F2 /* Main.storyboard in Resources */ = {isa = PBXBuildFile; fileRef = 0472F565286A17E900AFB6F2 /* Main.storyboard */; };
		0472F569286A17E900AFB6F2 /* Assets.xcassets in Resources */ = {isa = PBXBuildFile; fileRef = 0472F568286A17E900AFB6F2 /* Assets.xcassets */; };
		0472F56C286A17E900AFB6F2 /* LaunchScreen.storyboard in Resources */ = {isa = PBXBuildFile; fileRef = 0472F56A286A17E900AFB6F2 /* LaunchScreen.storyboard */; };
		0472F56F286A17E900AFB6F2 /* main.m in Sources */ = {isa = PBXBuildFile; fileRef = 0472F56E286A17E900AFB6F2 /* main.m */; };
		0472F579286A17E900AFB6F2 /* Parse_ChatTests.m in Sources */ = {isa = PBXBuildFile; fileRef = 0472F578286A17E900AFB6F2 /* Parse_ChatTests.m */; };
		0472F583286A17E900AFB6F2 /* Parse_ChatUITests.m in Sources */ = {isa = PBXBuildFile; fileRef = 0472F582286A17E900AFB6F2 /* Parse_ChatUITests.m */; };
		0472F585286A17E900AFB6F2 /* Parse_ChatUITestsLaunchTests.m in Sources */ = {isa = PBXBuildFile; fileRef = 0472F584286A17E900AFB6F2 /* Parse_ChatUITestsLaunchTests.m */; };
		04F75A94286A18F000F13236 /* LoginViewController.m in Sources */ = {isa = PBXBuildFile; fileRef = 04F75A93286A18F000F13236 /* LoginViewController.m */; };
		04F75A98286A1D1E00F13236 /* ChatViewController.m in Sources */ = {isa = PBXBuildFile; fileRef = 04F75A97286A1D1E00F13236 /* ChatViewController.m */; };
		04F75A9B286A1FB900F13236 /* ChatCell.m in Sources */ = {isa = PBXBuildFile; fileRef = 04F75A9A286A1FB900F13236 /* ChatCell.m */; };
		11EA351AF762F1AD67B74778 /* Pods_Parse_ChatTests.framework in Frameworks */ = {isa = PBXBuildFile; fileRef = 58511179390E65563E7E5529 /* Pods_Parse_ChatTests.framework */; };
		45A946FC0E522FAB4D372251 /* Pods_Parse_Chat_Parse_ChatUITests.framework in Frameworks */ = {isa = PBXBuildFile; fileRef = 79D025581D57AC628C1F8DEF /* Pods_Parse_Chat_Parse_ChatUITests.framework */; };
		A0DA2BF378C1EE0BCF1E1F83 /* Pods_Parse_Chat.framework in Frameworks */ = {isa = PBXBuildFile; fileRef = FEFD26BBC4B17C7090550873 /* Pods_Parse_Chat.framework */; };
/* End PBXBuildFile section */

/* Begin PBXContainerItemProxy section */
		0472F575286A17E900AFB6F2 /* PBXContainerItemProxy */ = {
			isa = PBXContainerItemProxy;
			containerPortal = 0472F551286A17E800AFB6F2 /* Project object */;
			proxyType = 1;
			remoteGlobalIDString = 0472F558286A17E800AFB6F2;
			remoteInfo = "Parse Chat";
		};
		0472F57F286A17E900AFB6F2 /* PBXContainerItemProxy */ = {
			isa = PBXContainerItemProxy;
			containerPortal = 0472F551286A17E800AFB6F2 /* Project object */;
			proxyType = 1;
			remoteGlobalIDString = 0472F558286A17E800AFB6F2;
			remoteInfo = "Parse Chat";
		};
/* End PBXContainerItemProxy section */

/* Begin PBXFileReference section */
		0472F559286A17E800AFB6F2 /* Parse Chat.app */ = {isa = PBXFileReference; explicitFileType = wrapper.application; includeInIndex = 0; path = "Parse Chat.app"; sourceTree = BUILT_PRODUCTS_DIR; };
		0472F55C286A17E900AFB6F2 /* AppDelegate.h */ = {isa = PBXFileReference; lastKnownFileType = sourcecode.c.h; path = AppDelegate.h; sourceTree = "<group>"; };
		0472F55D286A17E900AFB6F2 /* AppDelegate.m */ = {isa = PBXFileReference; lastKnownFileType = sourcecode.c.objc; path = AppDelegate.m; sourceTree = "<group>"; };
		0472F55F286A17E900AFB6F2 /* SceneDelegate.h */ = {isa = PBXFileReference; lastKnownFileType = sourcecode.c.h; path = SceneDelegate.h; sourceTree = "<group>"; };
		0472F560286A17E900AFB6F2 /* SceneDelegate.m */ = {isa = PBXFileReference; lastKnownFileType = sourcecode.c.objc; path = SceneDelegate.m; sourceTree = "<group>"; };
		0472F566286A17E900AFB6F2 /* Base */ = {isa = PBXFileReference; lastKnownFileType = file.storyboard; name = Base; path = Base.lproj/Main.storyboard; sourceTree = "<group>"; };
		0472F568286A17E900AFB6F2 /* Assets.xcassets */ = {isa = PBXFileReference; lastKnownFileType = folder.assetcatalog; path = Assets.xcassets; sourceTree = "<group>"; };
		0472F56B286A17E900AFB6F2 /* Base */ = {isa = PBXFileReference; lastKnownFileType = file.storyboard; name = Base; path = Base.lproj/LaunchScreen.storyboard; sourceTree = "<group>"; };
		0472F56D286A17E900AFB6F2 /* Info.plist */ = {isa = PBXFileReference; lastKnownFileType = text.plist.xml; path = Info.plist; sourceTree = "<group>"; };
		0472F56E286A17E900AFB6F2 /* main.m */ = {isa = PBXFileReference; lastKnownFileType = sourcecode.c.objc; path = main.m; sourceTree = "<group>"; };
		0472F574286A17E900AFB6F2 /* Parse ChatTests.xctest */ = {isa = PBXFileReference; explicitFileType = wrapper.cfbundle; includeInIndex = 0; path = "Parse ChatTests.xctest"; sourceTree = BUILT_PRODUCTS_DIR; };
		0472F578286A17E900AFB6F2 /* Parse_ChatTests.m */ = {isa = PBXFileReference; lastKnownFileType = sourcecode.c.objc; path = Parse_ChatTests.m; sourceTree = "<group>"; };
		0472F57E286A17E900AFB6F2 /* Parse ChatUITests.xctest */ = {isa = PBXFileReference; explicitFileType = wrapper.cfbundle; includeInIndex = 0; path = "Parse ChatUITests.xctest"; sourceTree = BUILT_PRODUCTS_DIR; };
		0472F582286A17E900AFB6F2 /* Parse_ChatUITests.m */ = {isa = PBXFileReference; lastKnownFileType = sourcecode.c.objc; path = Parse_ChatUITests.m; sourceTree = "<group>"; };
		0472F584286A17E900AFB6F2 /* Parse_ChatUITestsLaunchTests.m */ = {isa = PBXFileReference; lastKnownFileType = sourcecode.c.objc; path = Parse_ChatUITestsLaunchTests.m; sourceTree = "<group>"; };
		04F75A92286A18F000F13236 /* LoginViewController.h */ = {isa = PBXFileReference; lastKnownFileType = sourcecode.c.h; path = LoginViewController.h; sourceTree = "<group>"; };
		04F75A93286A18F000F13236 /* LoginViewController.m */ = {isa = PBXFileReference; lastKnownFileType = sourcecode.c.objc; path = LoginViewController.m; sourceTree = "<group>"; };
		04F75A96286A1D1E00F13236 /* ChatViewController.h */ = {isa = PBXFileReference; lastKnownFileType = sourcecode.c.h; path = ChatViewController.h; sourceTree = "<group>"; };
		04F75A97286A1D1E00F13236 /* ChatViewController.m */ = {isa = PBXFileReference; lastKnownFileType = sourcecode.c.objc; path = ChatViewController.m; sourceTree = "<group>"; };
		04F75A99286A1FB900F13236 /* ChatCell.h */ = {isa = PBXFileReference; lastKnownFileType = sourcecode.c.h; path = ChatCell.h; sourceTree = "<group>"; };
		04F75A9A286A1FB900F13236 /* ChatCell.m */ = {isa = PBXFileReference; lastKnownFileType = sourcecode.c.objc; path = ChatCell.m; sourceTree = "<group>"; };
		27BF74F665C90059F16934E1 /* Pods-Parse Chat.debug.xcconfig */ = {isa = PBXFileReference; includeInIndex = 1; lastKnownFileType = text.xcconfig; name = "Pods-Parse Chat.debug.xcconfig"; path = "Target Support Files/Pods-Parse Chat/Pods-Parse Chat.debug.xcconfig"; sourceTree = "<group>"; };
		2A1BE9CF632310CAC0D07DD5 /* Pods-Parse ChatTests.debug.xcconfig */ = {isa = PBXFileReference; includeInIndex = 1; lastKnownFileType = text.xcconfig; name = "Pods-Parse ChatTests.debug.xcconfig"; path = "Target Support Files/Pods-Parse ChatTests/Pods-Parse ChatTests.debug.xcconfig"; sourceTree = "<group>"; };
		58511179390E65563E7E5529 /* Pods_Parse_ChatTests.framework */ = {isa = PBXFileReference; explicitFileType = wrapper.framework; includeInIndex = 0; path = Pods_Parse_ChatTests.framework; sourceTree = BUILT_PRODUCTS_DIR; };
		76492EA04F9F63D9EB928317 /* Pods-Parse Chat-Parse ChatUITests.debug.xcconfig */ = {isa = PBXFileReference; includeInIndex = 1; lastKnownFileType = text.xcconfig; name = "Pods-Parse Chat-Parse ChatUITests.debug.xcconfig"; path = "Target Support Files/Pods-Parse Chat-Parse ChatUITests/Pods-Parse Chat-Parse ChatUITests.debug.xcconfig"; sourceTree = "<group>"; };
		79D025581D57AC628C1F8DEF /* Pods_Parse_Chat_Parse_ChatUITests.framework */ = {isa = PBXFileReference; explicitFileType = wrapper.framework; includeInIndex = 0; path = Pods_Parse_Chat_Parse_ChatUITests.framework; sourceTree = BUILT_PRODUCTS_DIR; };
		8D8217DD726DBC586375A1CD /* Pods-Parse ChatTests.release.xcconfig */ = {isa = PBXFileReference; includeInIndex = 1; lastKnownFileType = text.xcconfig; name = "Pods-Parse ChatTests.release.xcconfig"; path = "Target Support Files/Pods-Parse ChatTests/Pods-Parse ChatTests.release.xcconfig"; sourceTree = "<group>"; };
		A1BBB76C62E350681647C11F /* Pods-Parse Chat-Parse ChatUITests.release.xcconfig */ = {isa = PBXFileReference; includeInIndex = 1; lastKnownFileType = text.xcconfig; name = "Pods-Parse Chat-Parse ChatUITests.release.xcconfig"; path = "Target Support Files/Pods-Parse Chat-Parse ChatUITests/Pods-Parse Chat-Parse ChatUITests.release.xcconfig"; sourceTree = "<group>"; };
		B9C2ABD64E0CDF0C7FAE3F5F /* Pods-Parse Chat.release.xcconfig */ = {isa = PBXFileReference; includeInIndex = 1; lastKnownFileType = text.xcconfig; name = "Pods-Parse Chat.release.xcconfig"; path = "Target Support Files/Pods-Parse Chat/Pods-Parse Chat.release.xcconfig"; sourceTree = "<group>"; };
		FEFD26BBC4B17C7090550873 /* Pods_Parse_Chat.framework */ = {isa = PBXFileReference; explicitFileType = wrapper.framework; includeInIndex = 0; path = Pods_Parse_Chat.framework; sourceTree = BUILT_PRODUCTS_DIR; };
/* End PBXFileReference section */

/* Begin PBXFrameworksBuildPhase section */
		0472F556286A17E800AFB6F2 /* Frameworks */ = {
			isa = PBXFrameworksBuildPhase;
			buildActionMask = 2147483647;
			files = (
				A0DA2BF378C1EE0BCF1E1F83 /* Pods_Parse_Chat.framework in Frameworks */,
			);
			runOnlyForDeploymentPostprocessing = 0;
		};
		0472F571286A17E900AFB6F2 /* Frameworks */ = {
			isa = PBXFrameworksBuildPhase;
			buildActionMask = 2147483647;
			files = (
				11EA351AF762F1AD67B74778 /* Pods_Parse_ChatTests.framework in Frameworks */,
			);
			runOnlyForDeploymentPostprocessing = 0;
		};
		0472F57B286A17E900AFB6F2 /* Frameworks */ = {
			isa = PBXFrameworksBuildPhase;
			buildActionMask = 2147483647;
			files = (
				45A946FC0E522FAB4D372251 /* Pods_Parse_Chat_Parse_ChatUITests.framework in Frameworks */,
			);
			runOnlyForDeploymentPostprocessing = 0;
		};
/* End PBXFrameworksBuildPhase section */

/* Begin PBXGroup section */
		036C4388CA85BCB84EBEB371 /* Frameworks */ = {
			isa = PBXGroup;
			children = (
				FEFD26BBC4B17C7090550873 /* Pods_Parse_Chat.framework */,
				79D025581D57AC628C1F8DEF /* Pods_Parse_Chat_Parse_ChatUITests.framework */,
				58511179390E65563E7E5529 /* Pods_Parse_ChatTests.framework */,
			);
			name = Frameworks;
			sourceTree = "<group>";
		};
		0472F550286A17E800AFB6F2 = {
			isa = PBXGroup;
			children = (
				0472F55B286A17E800AFB6F2 /* Parse Chat */,
				0472F577286A17E900AFB6F2 /* Parse ChatTests */,
				0472F581286A17E900AFB6F2 /* Parse ChatUITests */,
				0472F55A286A17E800AFB6F2 /* Products */,
				7F6DE245617228325E3B7B65 /* Pods */,
				036C4388CA85BCB84EBEB371 /* Frameworks */,
			);
			sourceTree = "<group>";
		};
		0472F55A286A17E800AFB6F2 /* Products */ = {
			isa = PBXGroup;
			children = (
				0472F559286A17E800AFB6F2 /* Parse Chat.app */,
				0472F574286A17E900AFB6F2 /* Parse ChatTests.xctest */,
				0472F57E286A17E900AFB6F2 /* Parse ChatUITests.xctest */,
			);
			name = Products;
			sourceTree = "<group>";
		};
		0472F55B286A17E800AFB6F2 /* Parse Chat */ = {
			isa = PBXGroup;
			children = (
				04F75A95286A190E00F13236 /* View Controllers */,
				04F75A9C286A1FC200F13236 /* Models */,
				04F75A9D286A1FDC00F13236 /* Storyboards */,
				0472F55C286A17E900AFB6F2 /* AppDelegate.h */,
				0472F55D286A17E900AFB6F2 /* AppDelegate.m */,
				0472F55F286A17E900AFB6F2 /* SceneDelegate.h */,
				0472F560286A17E900AFB6F2 /* SceneDelegate.m */,
				0472F568286A17E900AFB6F2 /* Assets.xcassets */,
				0472F56D286A17E900AFB6F2 /* Info.plist */,
				0472F56E286A17E900AFB6F2 /* main.m */,
			);
			path = "Parse Chat";
			sourceTree = "<group>";
		};
		0472F577286A17E900AFB6F2 /* Parse ChatTests */ = {
			isa = PBXGroup;
			children = (
				0472F578286A17E900AFB6F2 /* Parse_ChatTests.m */,
			);
			path = "Parse ChatTests";
			sourceTree = "<group>";
		};
		0472F581286A17E900AFB6F2 /* Parse ChatUITests */ = {
			isa = PBXGroup;
			children = (
				0472F582286A17E900AFB6F2 /* Parse_ChatUITests.m */,
				0472F584286A17E900AFB6F2 /* Parse_ChatUITestsLaunchTests.m */,
			);
			path = "Parse ChatUITests";
			sourceTree = "<group>";
		};
		04F75A95286A190E00F13236 /* View Controllers */ = {
			isa = PBXGroup;
			children = (
				04F75A92286A18F000F13236 /* LoginViewController.h */,
				04F75A93286A18F000F13236 /* LoginViewController.m */,
				04F75A96286A1D1E00F13236 /* ChatViewController.h */,
				04F75A97286A1D1E00F13236 /* ChatViewController.m */,
			);
			path = "View Controllers";
			sourceTree = "<group>";
		};
		04F75A9C286A1FC200F13236 /* Models */ = {
			isa = PBXGroup;
			children = (
				04F75A99286A1FB900F13236 /* ChatCell.h */,
				04F75A9A286A1FB900F13236 /* ChatCell.m */,
			);
			path = Models;
			sourceTree = "<group>";
		};
		04F75A9D286A1FDC00F13236 /* Storyboards */ = {
			isa = PBXGroup;
			children = (
				0472F565286A17E900AFB6F2 /* Main.storyboard */,
				0472F56A286A17E900AFB6F2 /* LaunchScreen.storyboard */,
			);
			path = Storyboards;
			sourceTree = "<group>";
		};
		7F6DE245617228325E3B7B65 /* Pods */ = {
			isa = PBXGroup;
			children = (
				27BF74F665C90059F16934E1 /* Pods-Parse Chat.debug.xcconfig */,
				B9C2ABD64E0CDF0C7FAE3F5F /* Pods-Parse Chat.release.xcconfig */,
				76492EA04F9F63D9EB928317 /* Pods-Parse Chat-Parse ChatUITests.debug.xcconfig */,
				A1BBB76C62E350681647C11F /* Pods-Parse Chat-Parse ChatUITests.release.xcconfig */,
				2A1BE9CF632310CAC0D07DD5 /* Pods-Parse ChatTests.debug.xcconfig */,
				8D8217DD726DBC586375A1CD /* Pods-Parse ChatTests.release.xcconfig */,
			);
			path = Pods;
			sourceTree = "<group>";
		};
/* End PBXGroup section */

/* Begin PBXNativeTarget section */
		0472F558286A17E800AFB6F2 /* Parse Chat */ = {
			isa = PBXNativeTarget;
			buildConfigurationList = 0472F588286A17E900AFB6F2 /* Build configuration list for PBXNativeTarget "Parse Chat" */;
			buildPhases = (
				7EDEBE1DB9E66561EF86E19E /* [CP] Check Pods Manifest.lock */,
				0472F555286A17E800AFB6F2 /* Sources */,
				0472F556286A17E800AFB6F2 /* Frameworks */,
				0472F557286A17E800AFB6F2 /* Resources */,
				5B45FE8AEB4E903E15DC583E /* [CP] Embed Pods Frameworks */,
			);
			buildRules = (
			);
			dependencies = (
			);
			name = "Parse Chat";
			productName = "Parse Chat";
			productReference = 0472F559286A17E800AFB6F2 /* Parse Chat.app */;
			productType = "com.apple.product-type.application";
		};
		0472F573286A17E900AFB6F2 /* Parse ChatTests */ = {
			isa = PBXNativeTarget;
			buildConfigurationList = 0472F58B286A17E900AFB6F2 /* Build configuration list for PBXNativeTarget "Parse ChatTests" */;
			buildPhases = (
				806C513A3F04C678FE66F90B /* [CP] Check Pods Manifest.lock */,
				0472F570286A17E900AFB6F2 /* Sources */,
				0472F571286A17E900AFB6F2 /* Frameworks */,
				0472F572286A17E900AFB6F2 /* Resources */,
			);
			buildRules = (
			);
			dependencies = (
				0472F576286A17E900AFB6F2 /* PBXTargetDependency */,
			);
			name = "Parse ChatTests";
			productName = "Parse ChatTests";
			productReference = 0472F574286A17E900AFB6F2 /* Parse ChatTests.xctest */;
			productType = "com.apple.product-type.bundle.unit-test";
		};
		0472F57D286A17E900AFB6F2 /* Parse ChatUITests */ = {
			isa = PBXNativeTarget;
			buildConfigurationList = 0472F58E286A17E900AFB6F2 /* Build configuration list for PBXNativeTarget "Parse ChatUITests" */;
			buildPhases = (
				97CCA5B550A64E0F3E7D0B28 /* [CP] Check Pods Manifest.lock */,
				0472F57A286A17E900AFB6F2 /* Sources */,
				0472F57B286A17E900AFB6F2 /* Frameworks */,
				0472F57C286A17E900AFB6F2 /* Resources */,
				430C150D719D3FF1E48BAC14 /* [CP] Embed Pods Frameworks */,
			);
			buildRules = (
			);
			dependencies = (
				0472F580286A17E900AFB6F2 /* PBXTargetDependency */,
			);
			name = "Parse ChatUITests";
			productName = "Parse ChatUITests";
			productReference = 0472F57E286A17E900AFB6F2 /* Parse ChatUITests.xctest */;
			productType = "com.apple.product-type.bundle.ui-testing";
		};
/* End PBXNativeTarget section */

/* Begin PBXProject section */
		0472F551286A17E800AFB6F2 /* Project object */ = {
			isa = PBXProject;
			attributes = {
				BuildIndependentTargetsInParallel = 1;
				LastUpgradeCheck = 1340;
				TargetAttributes = {
					0472F558286A17E800AFB6F2 = {
						CreatedOnToolsVersion = 13.4.1;
					};
					0472F573286A17E900AFB6F2 = {
						CreatedOnToolsVersion = 13.4.1;
						TestTargetID = 0472F558286A17E800AFB6F2;
					};
					0472F57D286A17E900AFB6F2 = {
						CreatedOnToolsVersion = 13.4.1;
						TestTargetID = 0472F558286A17E800AFB6F2;
					};
				};
			};
			buildConfigurationList = 0472F554286A17E800AFB6F2 /* Build configuration list for PBXProject "Parse Chat" */;
			compatibilityVersion = "Xcode 13.0";
			developmentRegion = en;
			hasScannedForEncodings = 0;
			knownRegions = (
				en,
				Base,
			);
			mainGroup = 0472F550286A17E800AFB6F2;
			productRefGroup = 0472F55A286A17E800AFB6F2 /* Products */;
			projectDirPath = "";
			projectRoot = "";
			targets = (
				0472F558286A17E800AFB6F2 /* Parse Chat */,
				0472F573286A17E900AFB6F2 /* Parse ChatTests */,
				0472F57D286A17E900AFB6F2 /* Parse ChatUITests */,
			);
		};
/* End PBXProject section */

/* Begin PBXResourcesBuildPhase section */
		0472F557286A17E800AFB6F2 /* Resources */ = {
			isa = PBXResourcesBuildPhase;
			buildActionMask = 2147483647;
			files = (
				0472F56C286A17E900AFB6F2 /* LaunchScreen.storyboard in Resources */,
				0472F569286A17E900AFB6F2 /* Assets.xcassets in Resources */,
				0472F567286A17E900AFB6F2 /* Main.storyboard in Resources */,
			);
			runOnlyForDeploymentPostprocessing = 0;
		};
		0472F572286A17E900AFB6F2 /* Resources */ = {
			isa = PBXResourcesBuildPhase;
			buildActionMask = 2147483647;
			files = (
			);
			runOnlyForDeploymentPostprocessing = 0;
		};
		0472F57C286A17E900AFB6F2 /* Resources */ = {
			isa = PBXResourcesBuildPhase;
			buildActionMask = 2147483647;
			files = (
			);
			runOnlyForDeploymentPostprocessing = 0;
		};
/* End PBXResourcesBuildPhase section */

/* Begin PBXShellScriptBuildPhase section */
		430C150D719D3FF1E48BAC14 /* [CP] Embed Pods Frameworks */ = {
			isa = PBXShellScriptBuildPhase;
			buildActionMask = 2147483647;
			files = (
			);
			inputFileListPaths = (
				"${PODS_ROOT}/Target Support Files/Pods-Parse Chat-Parse ChatUITests/Pods-Parse Chat-Parse ChatUITests-frameworks-${CONFIGURATION}-input-files.xcfilelist",
			);
			name = "[CP] Embed Pods Frameworks";
			outputFileListPaths = (
				"${PODS_ROOT}/Target Support Files/Pods-Parse Chat-Parse ChatUITests/Pods-Parse Chat-Parse ChatUITests-frameworks-${CONFIGURATION}-output-files.xcfilelist",
			);
			runOnlyForDeploymentPostprocessing = 0;
			shellPath = /bin/sh;
			shellScript = "\"${PODS_ROOT}/Target Support Files/Pods-Parse Chat-Parse ChatUITests/Pods-Parse Chat-Parse ChatUITests-frameworks.sh\"\n";
			showEnvVarsInLog = 0;
		};
		5B45FE8AEB4E903E15DC583E /* [CP] Embed Pods Frameworks */ = {
			isa = PBXShellScriptBuildPhase;
			buildActionMask = 2147483647;
			files = (
			);
			inputFileListPaths = (
				"${PODS_ROOT}/Target Support Files/Pods-Parse Chat/Pods-Parse Chat-frameworks-${CONFIGURATION}-input-files.xcfilelist",
			);
			name = "[CP] Embed Pods Frameworks";
			outputFileListPaths = (
				"${PODS_ROOT}/Target Support Files/Pods-Parse Chat/Pods-Parse Chat-frameworks-${CONFIGURATION}-output-files.xcfilelist",
			);
			runOnlyForDeploymentPostprocessing = 0;
			shellPath = /bin/sh;
			shellScript = "\"${PODS_ROOT}/Target Support Files/Pods-Parse Chat/Pods-Parse Chat-frameworks.sh\"\n";
			showEnvVarsInLog = 0;
		};
		7EDEBE1DB9E66561EF86E19E /* [CP] Check Pods Manifest.lock */ = {
			isa = PBXShellScriptBuildPhase;
			buildActionMask = 2147483647;
			files = (
			);
			inputFileListPaths = (
			);
			inputPaths = (
				"${PODS_PODFILE_DIR_PATH}/Podfile.lock",
				"${PODS_ROOT}/Manifest.lock",
			);
			name = "[CP] Check Pods Manifest.lock";
			outputFileListPaths = (
			);
			outputPaths = (
				"$(DERIVED_FILE_DIR)/Pods-Parse Chat-checkManifestLockResult.txt",
			);
			runOnlyForDeploymentPostprocessing = 0;
			shellPath = /bin/sh;
			shellScript = "diff \"${PODS_PODFILE_DIR_PATH}/Podfile.lock\" \"${PODS_ROOT}/Manifest.lock\" > /dev/null\nif [ $? != 0 ] ; then\n    # print error to STDERR\n    echo \"error: The sandbox is not in sync with the Podfile.lock. Run 'pod install' or update your CocoaPods installation.\" >&2\n    exit 1\nfi\n# This output is used by Xcode 'outputs' to avoid re-running this script phase.\necho \"SUCCESS\" > \"${SCRIPT_OUTPUT_FILE_0}\"\n";
			showEnvVarsInLog = 0;
		};
		806C513A3F04C678FE66F90B /* [CP] Check Pods Manifest.lock */ = {
			isa = PBXShellScriptBuildPhase;
			buildActionMask = 2147483647;
			files = (
			);
			inputFileListPaths = (
			);
			inputPaths = (
				"${PODS_PODFILE_DIR_PATH}/Podfile.lock",
				"${PODS_ROOT}/Manifest.lock",
			);
			name = "[CP] Check Pods Manifest.lock";
			outputFileListPaths = (
			);
			outputPaths = (
				"$(DERIVED_FILE_DIR)/Pods-Parse ChatTests-checkManifestLockResult.txt",
			);
			runOnlyForDeploymentPostprocessing = 0;
			shellPath = /bin/sh;
			shellScript = "diff \"${PODS_PODFILE_DIR_PATH}/Podfile.lock\" \"${PODS_ROOT}/Manifest.lock\" > /dev/null\nif [ $? != 0 ] ; then\n    # print error to STDERR\n    echo \"error: The sandbox is not in sync with the Podfile.lock. Run 'pod install' or update your CocoaPods installation.\" >&2\n    exit 1\nfi\n# This output is used by Xcode 'outputs' to avoid re-running this script phase.\necho \"SUCCESS\" > \"${SCRIPT_OUTPUT_FILE_0}\"\n";
			showEnvVarsInLog = 0;
		};
		97CCA5B550A64E0F3E7D0B28 /* [CP] Check Pods Manifest.lock */ = {
			isa = PBXShellScriptBuildPhase;
			buildActionMask = 2147483647;
			files = (
			);
			inputFileListPaths = (
			);
			inputPaths = (
				"${PODS_PODFILE_DIR_PATH}/Podfile.lock",
				"${PODS_ROOT}/Manifest.lock",
			);
			name = "[CP] Check Pods Manifest.lock";
			outputFileListPaths = (
			);
			outputPaths = (
				"$(DERIVED_FILE_DIR)/Pods-Parse Chat-Parse ChatUITests-checkManifestLockResult.txt",
			);
			runOnlyForDeploymentPostprocessing = 0;
			shellPath = /bin/sh;
			shellScript = "diff \"${PODS_PODFILE_DIR_PATH}/Podfile.lock\" \"${PODS_ROOT}/Manifest.lock\" > /dev/null\nif [ $? != 0 ] ; then\n    # print error to STDERR\n    echo \"error: The sandbox is not in sync with the Podfile.lock. Run 'pod install' or update your CocoaPods installation.\" >&2\n    exit 1\nfi\n# This output is used by Xcode 'outputs' to avoid re-running this script phase.\necho \"SUCCESS\" > \"${SCRIPT_OUTPUT_FILE_0}\"\n";
			showEnvVarsInLog = 0;
		};
/* End PBXShellScriptBuildPhase section */

/* Begin PBXSourcesBuildPhase section */
		0472F555286A17E800AFB6F2 /* Sources */ = {
			isa = PBXSourcesBuildPhase;
			buildActionMask = 2147483647;
			files = (
				0472F55E286A17E900AFB6F2 /* AppDelegate.m in Sources */,
				0472F56F286A17E900AFB6F2 /* main.m in Sources */,
				04F75A98286A1D1E00F13236 /* ChatViewController.m in Sources */,
				04F75A9B286A1FB900F13236 /* ChatCell.m in Sources */,
				0472F561286A17E900AFB6F2 /* SceneDelegate.m in Sources */,
				04F75A94286A18F000F13236 /* LoginViewController.m in Sources */,
			);
			runOnlyForDeploymentPostprocessing = 0;
		};
		0472F570286A17E900AFB6F2 /* Sources */ = {
			isa = PBXSourcesBuildPhase;
			buildActionMask = 2147483647;
			files = (
				0472F579286A17E900AFB6F2 /* Parse_ChatTests.m in Sources */,
			);
			runOnlyForDeploymentPostprocessing = 0;
		};
		0472F57A286A17E900AFB6F2 /* Sources */ = {
			isa = PBXSourcesBuildPhase;
			buildActionMask = 2147483647;
			files = (
				0472F585286A17E900AFB6F2 /* Parse_ChatUITestsLaunchTests.m in Sources */,
				0472F583286A17E900AFB6F2 /* Parse_ChatUITests.m in Sources */,
			);
			runOnlyForDeploymentPostprocessing = 0;
		};
/* End PBXSourcesBuildPhase section */

/* Begin PBXTargetDependency section */
		0472F576286A17E900AFB6F2 /* PBXTargetDependency */ = {
			isa = PBXTargetDependency;
			target = 0472F558286A17E800AFB6F2 /* Parse Chat */;
			targetProxy = 0472F575286A17E900AFB6F2 /* PBXContainerItemProxy */;
		};
		0472F580286A17E900AFB6F2 /* PBXTargetDependency */ = {
			isa = PBXTargetDependency;
			target = 0472F558286A17E800AFB6F2 /* Parse Chat */;
			targetProxy = 0472F57F286A17E900AFB6F2 /* PBXContainerItemProxy */;
		};
/* End PBXTargetDependency section */

/* Begin PBXVariantGroup section */
		0472F565286A17E900AFB6F2 /* Main.storyboard */ = {
			isa = PBXVariantGroup;
			children = (
				0472F566286A17E900AFB6F2 /* Base */,
			);
			name = Main.storyboard;
			sourceTree = "<group>";
		};
		0472F56A286A17E900AFB6F2 /* LaunchScreen.storyboard */ = {
			isa = PBXVariantGroup;
			children = (
				0472F56B286A17E900AFB6F2 /* Base */,
			);
			name = LaunchScreen.storyboard;
			sourceTree = "<group>";
		};
/* End PBXVariantGroup section */

/* Begin XCBuildConfiguration section */
		0472F586286A17E900AFB6F2 /* Debug */ = {
			isa = XCBuildConfiguration;
			buildSettings = {
				ALWAYS_SEARCH_USER_PATHS = NO;
				CLANG_ANALYZER_NONNULL = YES;
				CLANG_ANALYZER_NUMBER_OBJECT_CONVERSION = YES_AGGRESSIVE;
				CLANG_CXX_LANGUAGE_STANDARD = "gnu++17";
				CLANG_ENABLE_MODULES = YES;
				CLANG_ENABLE_OBJC_ARC = YES;
				CLANG_ENABLE_OBJC_WEAK = YES;
				CLANG_WARN_BLOCK_CAPTURE_AUTORELEASING = YES;
				CLANG_WARN_BOOL_CONVERSION = YES;
				CLANG_WARN_COMMA = YES;
				CLANG_WARN_CONSTANT_CONVERSION = YES;
				CLANG_WARN_DEPRECATED_OBJC_IMPLEMENTATIONS = YES;
				CLANG_WARN_DIRECT_OBJC_ISA_USAGE = YES_ERROR;
				CLANG_WARN_DOCUMENTATION_COMMENTS = YES;
				CLANG_WARN_EMPTY_BODY = YES;
				CLANG_WARN_ENUM_CONVERSION = YES;
				CLANG_WARN_INFINITE_RECURSION = YES;
				CLANG_WARN_INT_CONVERSION = YES;
				CLANG_WARN_NON_LITERAL_NULL_CONVERSION = YES;
				CLANG_WARN_OBJC_IMPLICIT_RETAIN_SELF = YES;
				CLANG_WARN_OBJC_LITERAL_CONVERSION = YES;
				CLANG_WARN_OBJC_ROOT_CLASS = YES_ERROR;
				CLANG_WARN_QUOTED_INCLUDE_IN_FRAMEWORK_HEADER = YES;
				CLANG_WARN_RANGE_LOOP_ANALYSIS = YES;
				CLANG_WARN_STRICT_PROTOTYPES = YES;
				CLANG_WARN_SUSPICIOUS_MOVE = YES;
				CLANG_WARN_UNGUARDED_AVAILABILITY = YES_AGGRESSIVE;
				CLANG_WARN_UNREACHABLE_CODE = YES;
				CLANG_WARN__DUPLICATE_METHOD_MATCH = YES;
				COPY_PHASE_STRIP = NO;
				DEBUG_INFORMATION_FORMAT = dwarf;
				ENABLE_STRICT_OBJC_MSGSEND = YES;
				ENABLE_TESTABILITY = YES;
				GCC_C_LANGUAGE_STANDARD = gnu11;
				GCC_DYNAMIC_NO_PIC = NO;
				GCC_NO_COMMON_BLOCKS = YES;
				GCC_OPTIMIZATION_LEVEL = 0;
				GCC_PREPROCESSOR_DEFINITIONS = (
					"DEBUG=1",
					"$(inherited)",
				);
				GCC_WARN_64_TO_32_BIT_CONVERSION = YES;
				GCC_WARN_ABOUT_RETURN_TYPE = YES_ERROR;
				GCC_WARN_UNDECLARED_SELECTOR = YES;
				GCC_WARN_UNINITIALIZED_AUTOS = YES_AGGRESSIVE;
				GCC_WARN_UNUSED_FUNCTION = YES;
				GCC_WARN_UNUSED_VARIABLE = YES;
				IPHONEOS_DEPLOYMENT_TARGET = 15.5;
				MTL_ENABLE_DEBUG_INFO = INCLUDE_SOURCE;
				MTL_FAST_MATH = YES;
				ONLY_ACTIVE_ARCH = YES;
				SDKROOT = iphoneos;
			};
			name = Debug;
		};
		0472F587286A17E900AFB6F2 /* Release */ = {
			isa = XCBuildConfiguration;
			buildSettings = {
				ALWAYS_SEARCH_USER_PATHS = NO;
				CLANG_ANALYZER_NONNULL = YES;
				CLANG_ANALYZER_NUMBER_OBJECT_CONVERSION = YES_AGGRESSIVE;
				CLANG_CXX_LANGUAGE_STANDARD = "gnu++17";
				CLANG_ENABLE_MODULES = YES;
				CLANG_ENABLE_OBJC_ARC = YES;
				CLANG_ENABLE_OBJC_WEAK = YES;
				CLANG_WARN_BLOCK_CAPTURE_AUTORELEASING = YES;
				CLANG_WARN_BOOL_CONVERSION = YES;
				CLANG_WARN_COMMA = YES;
				CLANG_WARN_CONSTANT_CONVERSION = YES;
				CLANG_WARN_DEPRECATED_OBJC_IMPLEMENTATIONS = YES;
				CLANG_WARN_DIRECT_OBJC_ISA_USAGE = YES_ERROR;
				CLANG_WARN_DOCUMENTATION_COMMENTS = YES;
				CLANG_WARN_EMPTY_BODY = YES;
				CLANG_WARN_ENUM_CONVERSION = YES;
				CLANG_WARN_INFINITE_RECURSION = YES;
				CLANG_WARN_INT_CONVERSION = YES;
				CLANG_WARN_NON_LITERAL_NULL_CONVERSION = YES;
				CLANG_WARN_OBJC_IMPLICIT_RETAIN_SELF = YES;
				CLANG_WARN_OBJC_LITERAL_CONVERSION = YES;
				CLANG_WARN_OBJC_ROOT_CLASS = YES_ERROR;
				CLANG_WARN_QUOTED_INCLUDE_IN_FRAMEWORK_HEADER = YES;
				CLANG_WARN_RANGE_LOOP_ANALYSIS = YES;
				CLANG_WARN_STRICT_PROTOTYPES = YES;
				CLANG_WARN_SUSPICIOUS_MOVE = YES;
				CLANG_WARN_UNGUARDED_AVAILABILITY = YES_AGGRESSIVE;
				CLANG_WARN_UNREACHABLE_CODE = YES;
				CLANG_WARN__DUPLICATE_METHOD_MATCH = YES;
				COPY_PHASE_STRIP = NO;
				DEBUG_INFORMATION_FORMAT = "dwarf-with-dsym";
				ENABLE_NS_ASSERTIONS = NO;
				ENABLE_STRICT_OBJC_MSGSEND = YES;
				GCC_C_LANGUAGE_STANDARD = gnu11;
				GCC_NO_COMMON_BLOCKS = YES;
				GCC_WARN_64_TO_32_BIT_CONVERSION = YES;
				GCC_WARN_ABOUT_RETURN_TYPE = YES_ERROR;
				GCC_WARN_UNDECLARED_SELECTOR = YES;
				GCC_WARN_UNINITIALIZED_AUTOS = YES_AGGRESSIVE;
				GCC_WARN_UNUSED_FUNCTION = YES;
				GCC_WARN_UNUSED_VARIABLE = YES;
				IPHONEOS_DEPLOYMENT_TARGET = 15.5;
				MTL_ENABLE_DEBUG_INFO = NO;
				MTL_FAST_MATH = YES;
				SDKROOT = iphoneos;
				VALIDATE_PRODUCT = YES;
			};
			name = Release;
		};
		0472F589286A17E900AFB6F2 /* Debug */ = {
			isa = XCBuildConfiguration;
			baseConfigurationReference = 27BF74F665C90059F16934E1 /* Pods-Parse Chat.debug.xcconfig */;
			buildSettings = {
				ASSETCATALOG_COMPILER_APPICON_NAME = AppIcon;
				ASSETCATALOG_COMPILER_GLOBAL_ACCENT_COLOR_NAME = AccentColor;
				CODE_SIGN_STYLE = Automatic;
				CURRENT_PROJECT_VERSION = 1;
				DEVELOPMENT_TEAM = 85WMB29R8U;
				GENERATE_INFOPLIST_FILE = YES;
				INFOPLIST_FILE = "Parse Chat/Info.plist";
				INFOPLIST_KEY_UIApplicationSupportsIndirectInputEvents = YES;
				INFOPLIST_KEY_UILaunchStoryboardName = LaunchScreen;
				INFOPLIST_KEY_UIMainStoryboardFile = Main;
				INFOPLIST_KEY_UISupportedInterfaceOrientations_iPad = "UIInterfaceOrientationPortrait UIInterfaceOrientationPortraitUpsideDown UIInterfaceOrientationLandscapeLeft UIInterfaceOrientationLandscapeRight";
				INFOPLIST_KEY_UISupportedInterfaceOrientations_iPhone = "UIInterfaceOrientationPortrait UIInterfaceOrientationLandscapeLeft UIInterfaceOrientationLandscapeRight";
				LD_RUNPATH_SEARCH_PATHS = (
					"$(inherited)",
					"@executable_path/Frameworks",
				);
				MARKETING_VERSION = 1.0;
				PRODUCT_BUNDLE_IDENTIFIER = "com.codepath.Parse-Chat";
				PRODUCT_NAME = "$(TARGET_NAME)";
				SWIFT_EMIT_LOC_STRINGS = YES;
				TARGETED_DEVICE_FAMILY = "1,2";
			};
			name = Debug;
		};
		0472F58A286A17E900AFB6F2 /* Release */ = {
			isa = XCBuildConfiguration;
			baseConfigurationReference = B9C2ABD64E0CDF0C7FAE3F5F /* Pods-Parse Chat.release.xcconfig */;
			buildSettings = {
				ASSETCATALOG_COMPILER_APPICON_NAME = AppIcon;
				ASSETCATALOG_COMPILER_GLOBAL_ACCENT_COLOR_NAME = AccentColor;
				CODE_SIGN_STYLE = Automatic;
				CURRENT_PROJECT_VERSION = 1;
				DEVELOPMENT_TEAM = 85WMB29R8U;
				GENERATE_INFOPLIST_FILE = YES;
				INFOPLIST_FILE = "Parse Chat/Info.plist";
				INFOPLIST_KEY_UIApplicationSupportsIndirectInputEvents = YES;
				INFOPLIST_KEY_UILaunchStoryboardName = LaunchScreen;
				INFOPLIST_KEY_UIMainStoryboardFile = Main;
				INFOPLIST_KEY_UISupportedInterfaceOrientations_iPad = "UIInterfaceOrientationPortrait UIInterfaceOrientationPortraitUpsideDown UIInterfaceOrientationLandscapeLeft UIInterfaceOrientationLandscapeRight";
				INFOPLIST_KEY_UISupportedInterfaceOrientations_iPhone = "UIInterfaceOrientationPortrait UIInterfaceOrientationLandscapeLeft UIInterfaceOrientationLandscapeRight";
				LD_RUNPATH_SEARCH_PATHS = (
					"$(inherited)",
					"@executable_path/Frameworks",
				);
				MARKETING_VERSION = 1.0;
				PRODUCT_BUNDLE_IDENTIFIER = "com.codepath.Parse-Chat";
				PRODUCT_NAME = "$(TARGET_NAME)";
				SWIFT_EMIT_LOC_STRINGS = YES;
				TARGETED_DEVICE_FAMILY = "1,2";
			};
			name = Release;
		};
		0472F58C286A17E900AFB6F2 /* Debug */ = {
			isa = XCBuildConfiguration;
			baseConfigurationReference = 2A1BE9CF632310CAC0D07DD5 /* Pods-Parse ChatTests.debug.xcconfig */;
			buildSettings = {
				BUNDLE_LOADER = "$(TEST_HOST)";
				CODE_SIGN_STYLE = Automatic;
				CURRENT_PROJECT_VERSION = 1;
				DEVELOPMENT_TEAM = 85WMB29R8U;
				GENERATE_INFOPLIST_FILE = YES;
				IPHONEOS_DEPLOYMENT_TARGET = 15.5;
				MARKETING_VERSION = 1.0;
				PRODUCT_BUNDLE_IDENTIFIER = "com.codepath.Parse-ChatTests";
				PRODUCT_NAME = "$(TARGET_NAME)";
				SWIFT_EMIT_LOC_STRINGS = NO;
				TARGETED_DEVICE_FAMILY = "1,2";
				TEST_HOST = "$(BUILT_PRODUCTS_DIR)/Parse Chat.app/Parse Chat";
			};
			name = Debug;
		};
		0472F58D286A17E900AFB6F2 /* Release */ = {
			isa = XCBuildConfiguration;
			baseConfigurationReference = 8D8217DD726DBC586375A1CD /* Pods-Parse ChatTests.release.xcconfig */;
			buildSettings = {
				BUNDLE_LOADER = "$(TEST_HOST)";
				CODE_SIGN_STYLE = Automatic;
				CURRENT_PROJECT_VERSION = 1;
				DEVELOPMENT_TEAM = 85WMB29R8U;
				GENERATE_INFOPLIST_FILE = YES;
				IPHONEOS_DEPLOYMENT_TARGET = 15.5;
				MARKETING_VERSION = 1.0;
				PRODUCT_BUNDLE_IDENTIFIER = "com.codepath.Parse-ChatTests";
				PRODUCT_NAME = "$(TARGET_NAME)";
				SWIFT_EMIT_LOC_STRINGS = NO;
				TARGETED_DEVICE_FAMILY = "1,2";
				TEST_HOST = "$(BUILT_PRODUCTS_DIR)/Parse Chat.app/Parse Chat";
			};
			name = Release;
		};
		0472F58F286A17E900AFB6F2 /* Debug */ = {
			isa = XCBuildConfiguration;
			baseConfigurationReference = 76492EA04F9F63D9EB928317 /* Pods-Parse Chat-Parse ChatUITests.debug.xcconfig */;
			buildSettings = {
				CODE_SIGN_STYLE = Automatic;
				CURRENT_PROJECT_VERSION = 1;
				DEVELOPMENT_TEAM = 85WMB29R8U;
				GENERATE_INFOPLIST_FILE = YES;
				MARKETING_VERSION = 1.0;
				PRODUCT_BUNDLE_IDENTIFIER = "com.codepath.Parse-ChatUITests";
				PRODUCT_NAME = "$(TARGET_NAME)";
				SWIFT_EMIT_LOC_STRINGS = NO;
				TARGETED_DEVICE_FAMILY = "1,2";
				TEST_TARGET_NAME = "Parse Chat";
			};
			name = Debug;
		};
		0472F590286A17E900AFB6F2 /* Release */ = {
			isa = XCBuildConfiguration;
			baseConfigurationReference = A1BBB76C62E350681647C11F /* Pods-Parse Chat-Parse ChatUITests.release.xcconfig */;
			buildSettings = {
				CODE_SIGN_STYLE = Automatic;
				CURRENT_PROJECT_VERSION = 1;
				DEVELOPMENT_TEAM = 85WMB29R8U;
				GENERATE_INFOPLIST_FILE = YES;
				MARKETING_VERSION = 1.0;
				PRODUCT_BUNDLE_IDENTIFIER = "com.codepath.Parse-ChatUITests";
				PRODUCT_NAME = "$(TARGET_NAME)";
				SWIFT_EMIT_LOC_STRINGS = NO;
				TARGETED_DEVICE_FAMILY = "1,2";
				TEST_TARGET_NAME = "Parse Chat";
			};
			name = Release;
		};
/* End XCBuildConfiguration section */

/* Begin XCConfigurationList section */
		0472F554286A17E800AFB6F2 /* Build configuration list for PBXProject "Parse Chat" */ = {
			isa = XCConfigurationList;
			buildConfigurations = (
				0472F586286A17E900AFB6F2 /* Debug */,
				0472F587286A17E900AFB6F2 /* Release */,
			);
			defaultConfigurationIsVisible = 0;
			defaultConfigurationName = Release;
		};
		0472F588286A17E900AFB6F2 /* Build configuration list for PBXNativeTarget "Parse Chat" */ = {
			isa = XCConfigurationList;
			buildConfigurations = (
				0472F589286A17E900AFB6F2 /* Debug */,
				0472F58A286A17E900AFB6F2 /* Release */,
			);
			defaultConfigurationIsVisible = 0;
			defaultConfigurationName = Release;
		};
		0472F58B286A17E900AFB6F2 /* Build configuration list for PBXNativeTarget "Parse ChatTests" */ = {
			isa = XCConfigurationList;
			buildConfigurations = (
				0472F58C286A17E900AFB6F2 /* Debug */,
				0472F58D286A17E900AFB6F2 /* Release */,
			);
			defaultConfigurationIsVisible = 0;
			defaultConfigurationName = Release;
		};
		0472F58E286A17E900AFB6F2 /* Build configuration list for PBXNativeTarget "Parse ChatUITests" */ = {
			isa = XCConfigurationList;
			buildConfigurations = (
				0472F58F286A17E900AFB6F2 /* Debug */,
				0472F590286A17E900AFB6F2 /* Release */,
			);
			defaultConfigurationIsVisible = 0;
			defaultConfigurationName = Release;
		};
/* End XCConfigurationList section */
	};
	rootObject = 0472F551286A17E800AFB6F2 /* Project object */;
}
